
Microsoft Visual Studio Solution File, Format Version 12.00
# Visual Studio Version 17
VisualStudioVersion = 17.2.32526.322
MinimumVisualStudioVersion = 10.0.40219.1
Project("{FAE04EC0-301F-11D3-BF4B-00C04F79EFBC}") = "CrudOperation", "CrudOperation\CrudOperation.csproj", "{D040BA59-C1E4-4973-8770-CD7A80B52E72}"
EndProject
Global
	GlobalSection(SolutionConfigurationPlatforms) = preSolution
		Debug|Any CPU = Debug|Any CPU
		Release|Any CPU = Release|Any CPU
	EndGlobalSection
	GlobalSection(ProjectConfigurationPlatforms) = postSolution
		{D040BA59-C1E4-4973-8770-CD7A80B52E72}.Debug|Any CPU.ActiveCfg = Debug|Any CPU
		{D040BA59-C1E4-4973-8770-CD7A80B52E72}.Debug|Any CPU.Build.0 = Debug|Any CPU
		{D040BA59-C1E4-4973-8770-CD7A80B52E72}.Release|Any CPU.ActiveCfg = Release|Any CPU
		{D040BA59-C1E4-4973-8770-CD7A80B52E72}.Release|Any CPU.Build.0 = Release|Any CPU
	EndGlobalSection
	GlobalSection(SolutionProperties) = preSolution
		HideSolutionNode = FALSE
	EndGlobalSection
	GlobalSection(ExtensibilityGlobals) = postSolution
		SolutionGuid = {C46767B0-53E7-4793-B680-BE7B799D4B41}
	EndGlobalSection
EndGlobal
